
Microsoft Visual Studio Solution File, Format Version 12.00
# Visual Studio Version 16
VisualStudioVersion = 16.0.30309.148
MinimumVisualStudioVersion = 10.0.40219.1
Project("{FAE04EC0-301F-11D3-BF4B-00C04F79EFBC}") = "BitcoinWatcher", "BitcoinWatcher\BitcoinWatcher.csproj", "{A44437D8-F052-4866-8E7F-14EB2D1E00FF}"
EndProject
Global
	GlobalSection(SolutionConfigurationPlatforms) = preSolution
		Debug|Any CPU = Debug|Any CPU
		Release|Any CPU = Release|Any CPU
	EndGlobalSection
	GlobalSection(ProjectConfigurationPlatforms) = postSolution
		{A44437D8-F052-4866-8E7F-14EB2D1E00FF}.Debug|Any CPU.ActiveCfg = Debug|Any CPU
		{A44437D8-F052-4866-8E7F-14EB2D1E00FF}.Debug|Any CPU.Build.0 = Debug|Any CPU
		{A44437D8-F052-4866-8E7F-14EB2D1E00FF}.Release|Any CPU.ActiveCfg = Release|Any CPU
		{A44437D8-F052-4866-8E7F-14EB2D1E00FF}.Release|Any CPU.Build.0 = Release|Any CPU
	EndGlobalSection
	GlobalSection(SolutionProperties) = preSolution
		HideSolutionNode = FALSE
	EndGlobalSection
	GlobalSection(ExtensibilityGlobals) = postSolution
		SolutionGuid = {A3B072AC-6B7B-4475-9309-5FC0F83F89D6}
	EndGlobalSection
EndGlobal
